// !$*UTF8*$!
{
	archiveVersion = 1;
	classes = {
	};
	objectVersion = 50;
	objects = {

/* Begin PBXBuildFile section */
		9A06D7A925E5468C00172DCC /* AppDelegate.swift in Sources */ = {isa = PBXBuildFile; fileRef = 9A06D7A825E5468C00172DCC /* AppDelegate.swift */; };
		9A06D7AB25E5468C00172DCC /* SceneDelegate.swift in Sources */ = {isa = PBXBuildFile; fileRef = 9A06D7AA25E5468C00172DCC /* SceneDelegate.swift */; };
		9A06D7AD25E5468C00172DCC /* ViewController.swift in Sources */ = {isa = PBXBuildFile; fileRef = 9A06D7AC25E5468C00172DCC /* ViewController.swift */; };
		9A06D7B025E5468C00172DCC /* Main.storyboard in Resources */ = {isa = PBXBuildFile; fileRef = 9A06D7AE25E5468C00172DCC /* Main.storyboard */; };
		9A06D7B225E5468D00172DCC /* Assets.xcassets in Resources */ = {isa = PBXBuildFile; fileRef = 9A06D7B125E5468D00172DCC /* Assets.xcassets */; };
		9A06D7B525E5468D00172DCC /* LaunchScreen.storyboard in Resources */ = {isa = PBXBuildFile; fileRef = 9A06D7B325E5468D00172DCC /* LaunchScreen.storyboard */; };
		9A06D7C025E5468E00172DCC /* UdderTests.swift in Sources */ = {isa = PBXBuildFile; fileRef = 9A06D7BF25E5468E00172DCC /* UdderTests.swift */; };
		9A06D7CB25E5468E00172DCC /* UdderUITests.swift in Sources */ = {isa = PBXBuildFile; fileRef = 9A06D7CA25E5468E00172DCC /* UdderUITests.swift */; };
/* End PBXBuildFile section */

/* Begin PBXContainerItemProxy section */
		9A06D7BC25E5468E00172DCC /* PBXContainerItemProxy */ = {
			isa = PBXContainerItemProxy;
			containerPortal = 9A06D79D25E5468C00172DCC /* Project object */;
			proxyType = 1;
			remoteGlobalIDString = 9A06D7A425E5468C00172DCC;
			remoteInfo = Udder;
		};
		9A06D7C725E5468E00172DCC /* PBXContainerItemProxy */ = {
			isa = PBXContainerItemProxy;
			containerPortal = 9A06D79D25E5468C00172DCC /* Project object */;
			proxyType = 1;
			remoteGlobalIDString = 9A06D7A425E5468C00172DCC;
			remoteInfo = Udder;
		};
/* End PBXContainerItemProxy section */

/* Begin PBXFileReference section */
		9A06D7A525E5468C00172DCC /* Udder.app */ = {isa = PBXFileReference; explicitFileType = wrapper.application; includeInIndex = 0; path = Udder.app; sourceTree = BUILT_PRODUCTS_DIR; };
		9A06D7A825E5468C00172DCC /* AppDelegate.swift */ = {isa = PBXFileReference; lastKnownFileType = sourcecode.swift; path = AppDelegate.swift; sourceTree = "<group>"; };
		9A06D7AA25E5468C00172DCC /* SceneDelegate.swift */ = {isa = PBXFileReference; lastKnownFileType = sourcecode.swift; path = SceneDelegate.swift; sourceTree = "<group>"; };
		9A06D7AC25E5468C00172DCC /* ViewController.swift */ = {isa = PBXFileReference; lastKnownFileType = sourcecode.swift; path = ViewController.swift; sourceTree = "<group>"; };
		9A06D7AF25E5468C00172DCC /* Base */ = {isa = PBXFileReference; lastKnownFileType = file.storyboard; name = Base; path = Base.lproj/Main.storyboard; sourceTree = "<group>"; };
		9A06D7B125E5468D00172DCC /* Assets.xcassets */ = {isa = PBXFileReference; lastKnownFileType = folder.assetcatalog; path = Assets.xcassets; sourceTree = "<group>"; };
		9A06D7B425E5468D00172DCC /* Base */ = {isa = PBXFileReference; lastKnownFileType = file.storyboard; name = Base; path = Base.lproj/LaunchScreen.storyboard; sourceTree = "<group>"; };
		9A06D7B625E5468D00172DCC /* Info.plist */ = {isa = PBXFileReference; lastKnownFileType = text.plist.xml; path = Info.plist; sourceTree = "<group>"; };
		9A06D7BB25E5468E00172DCC /* UdderTests.xctest */ = {isa = PBXFileReference; explicitFileType = wrapper.cfbundle; includeInIndex = 0; path = UdderTests.xctest; sourceTree = BUILT_PRODUCTS_DIR; };
		9A06D7BF25E5468E00172DCC /* UdderTests.swift */ = {isa = PBXFileReference; lastKnownFileType = sourcecode.swift; path = UdderTests.swift; sourceTree = "<group>"; };
		9A06D7C125E5468E00172DCC /* Info.plist */ = {isa = PBXFileReference; lastKnownFileType = text.plist.xml; path = Info.plist; sourceTree = "<group>"; };
		9A06D7C625E5468E00172DCC /* UdderUITests.xctest */ = {isa = PBXFileReference; explicitFileType = wrapper.cfbundle; includeInIndex = 0; path = UdderUITests.xctest; sourceTree = BUILT_PRODUCTS_DIR; };
		9A06D7CA25E5468E00172DCC /* UdderUITests.swift */ = {isa = PBXFileReference; lastKnownFileType = sourcecode.swift; path = UdderUITests.swift; sourceTree = "<group>"; };
		9A06D7CC25E5468E00172DCC /* Info.plist */ = {isa = PBXFileReference; lastKnownFileType = text.plist.xml; path = Info.plist; sourceTree = "<group>"; };
/* End PBXFileReference section */

/* Begin PBXFrameworksBuildPhase section */
		9A06D7A225E5468C00172DCC /* Frameworks */ = {
			isa = PBXFrameworksBuildPhase;
			buildActionMask = 2147483647;
			files = (
			);
			runOnlyForDeploymentPostprocessing = 0;
		};
		9A06D7B825E5468E00172DCC /* Frameworks */ = {
			isa = PBXFrameworksBuildPhase;
			buildActionMask = 2147483647;
			files = (
			);
			runOnlyForDeploymentPostprocessing = 0;
		};
		9A06D7C325E5468E00172DCC /* Frameworks */ = {
			isa = PBXFrameworksBuildPhase;
			buildActionMask = 2147483647;
			files = (
			);
			runOnlyForDeploymentPostprocessing = 0;
		};
/* End PBXFrameworksBuildPhase section */

/* Begin PBXGroup section */
		9A06D79C25E5468C00172DCC = {
			isa = PBXGroup;
			children = (
				9A06D7A725E5468C00172DCC /* Udder */,
				9A06D7BE25E5468E00172DCC /* UdderTests */,
				9A06D7C925E5468E00172DCC /* UdderUITests */,
				9A06D7A625E5468C00172DCC /* Products */,
			);
			sourceTree = "<group>";
		};
		9A06D7A625E5468C00172DCC /* Products */ = {
			isa = PBXGroup;
			children = (
				9A06D7A525E5468C00172DCC /* Udder.app */,
				9A06D7BB25E5468E00172DCC /* UdderTests.xctest */,
				9A06D7C625E5468E00172DCC /* UdderUITests.xctest */,
			);
			name = Products;
			sourceTree = "<group>";
		};
		9A06D7A725E5468C00172DCC /* Udder */ = {
			isa = PBXGroup;
			children = (
				9A06D7A825E5468C00172DCC /* AppDelegate.swift */,
				9A06D7AA25E5468C00172DCC /* SceneDelegate.swift */,
				9A06D7AC25E5468C00172DCC /* ViewController.swift */,
				9A06D7AE25E5468C00172DCC /* Main.storyboard */,
				9A06D7B125E5468D00172DCC /* Assets.xcassets */,
				9A06D7B325E5468D00172DCC /* LaunchScreen.storyboard */,
				9A06D7B625E5468D00172DCC /* Info.plist */,
			);
			path = Udder;
			sourceTree = "<group>";
		};
		9A06D7BE25E5468E00172DCC /* UdderTests */ = {
			isa = PBXGroup;
			children = (
				9A06D7BF25E5468E00172DCC /* UdderTests.swift */,
				9A06D7C125E5468E00172DCC /* Info.plist */,
			);
			path = UdderTests;
			sourceTree = "<group>";
		};
		9A06D7C925E5468E00172DCC /* UdderUITests */ = {
			isa = PBXGroup;
			children = (
				9A06D7CA25E5468E00172DCC /* UdderUITests.swift */,
				9A06D7CC25E5468E00172DCC /* Info.plist */,
			);
			path = UdderUITests;
			sourceTree = "<group>";
		};
/* End PBXGroup section */

/* Begin PBXNativeTarget section */
		9A06D7A425E5468C00172DCC /* Udder */ = {
			isa = PBXNativeTarget;
			buildConfigurationList = 9A06D7CF25E5468E00172DCC /* Build configuration list for PBXNativeTarget "Udder" */;
			buildPhases = (
				9A06D7A125E5468C00172DCC /* Sources */,
				9A06D7A225E5468C00172DCC /* Frameworks */,
				9A06D7A325E5468C00172DCC /* Resources */,
			);
			buildRules = (
			);
			dependencies = (
			);
			name = Udder;
			productName = Udder;
			productReference = 9A06D7A525E5468C00172DCC /* Udder.app */;
			productType = "com.apple.product-type.application";
		};
		9A06D7BA25E5468E00172DCC /* UdderTests */ = {
			isa = PBXNativeTarget;
			buildConfigurationList = 9A06D7D225E5468E00172DCC /* Build configuration list for PBXNativeTarget "UdderTests" */;
			buildPhases = (
				9A06D7B725E5468E00172DCC /* Sources */,
				9A06D7B825E5468E00172DCC /* Frameworks */,
				9A06D7B925E5468E00172DCC /* Resources */,
			);
			buildRules = (
			);
			dependencies = (
				9A06D7BD25E5468E00172DCC /* PBXTargetDependency */,
			);
			name = UdderTests;
			productName = UdderTests;
			productReference = 9A06D7BB25E5468E00172DCC /* UdderTests.xctest */;
			productType = "com.apple.product-type.bundle.unit-test";
		};
		9A06D7C525E5468E00172DCC /* UdderUITests */ = {
			isa = PBXNativeTarget;
			buildConfigurationList = 9A06D7D525E5468E00172DCC /* Build configuration list for PBXNativeTarget "UdderUITests" */;
			buildPhases = (
				9A06D7C225E5468E00172DCC /* Sources */,
				9A06D7C325E5468E00172DCC /* Frameworks */,
				9A06D7C425E5468E00172DCC /* Resources */,
			);
			buildRules = (
			);
			dependencies = (
				9A06D7C825E5468E00172DCC /* PBXTargetDependency */,
			);
			name = UdderUITests;
			productName = UdderUITests;
			productReference = 9A06D7C625E5468E00172DCC /* UdderUITests.xctest */;
			productType = "com.apple.product-type.bundle.ui-testing";
		};
/* End PBXNativeTarget section */

/* Begin PBXProject section */
		9A06D79D25E5468C00172DCC /* Project object */ = {
			isa = PBXProject;
			attributes = {
				LastSwiftUpdateCheck = 1240;
				LastUpgradeCheck = 1240;
				TargetAttributes = {
					9A06D7A425E5468C00172DCC = {
						CreatedOnToolsVersion = 12.4;
					};
					9A06D7BA25E5468E00172DCC = {
						CreatedOnToolsVersion = 12.4;
						TestTargetID = 9A06D7A425E5468C00172DCC;
					};
					9A06D7C525E5468E00172DCC = {
						CreatedOnToolsVersion = 12.4;
						TestTargetID = 9A06D7A425E5468C00172DCC;
					};
				};
			};
			buildConfigurationList = 9A06D7A025E5468C00172DCC /* Build configuration list for PBXProject "Udder" */;
			compatibilityVersion = "Xcode 9.3";
			developmentRegion = en;
			hasScannedForEncodings = 0;
			knownRegions = (
				en,
				Base,
			);
			mainGroup = 9A06D79C25E5468C00172DCC;
			productRefGroup = 9A06D7A625E5468C00172DCC /* Products */;
			projectDirPath = "";
			projectRoot = "";
			targets = (
				9A06D7A425E5468C00172DCC /* Udder */,
				9A06D7BA25E5468E00172DCC /* UdderTests */,
				9A06D7C525E5468E00172DCC /* UdderUITests */,
			);
		};
/* End PBXProject section */

/* Begin PBXResourcesBuildPhase section */
		9A06D7A325E5468C00172DCC /* Resources */ = {
			isa = PBXResourcesBuildPhase;
			buildActionMask = 2147483647;
			files = (
				9A06D7B525E5468D00172DCC /* LaunchScreen.storyboard in Resources */,
				9A06D7B225E5468D00172DCC /* Assets.xcassets in Resources */,
				9A06D7B025E5468C00172DCC /* Main.storyboard in Resources */,
			);
			runOnlyForDeploymentPostprocessing = 0;
		};
		9A06D7B925E5468E00172DCC /* Resources */ = {
			isa = PBXResourcesBuildPhase;
			buildActionMask = 2147483647;
			files = (
			);
			runOnlyForDeploymentPostprocessing = 0;
		};
		9A06D7C425E5468E00172DCC /* Resources */ = {
			isa = PBXResourcesBuildPhase;
			buildActionMask = 2147483647;
			files = (
			);
			runOnlyForDeploymentPostprocessing = 0;
		};
/* End PBXResourcesBuildPhase section */

/* Begin PBXSourcesBuildPhase section */
		9A06D7A125E5468C00172DCC /* Sources */ = {
			isa = PBXSourcesBuildPhase;
			buildActionMask = 2147483647;
			files = (
				9A06D7AD25E5468C00172DCC /* ViewController.swift in Sources */,
				9A06D7A925E5468C00172DCC /* AppDelegate.swift in Sources */,
				9A06D7AB25E5468C00172DCC /* SceneDelegate.swift in Sources */,
			);
			runOnlyForDeploymentPostprocessing = 0;
		};
		9A06D7B725E5468E00172DCC /* Sources */ = {
			isa = PBXSourcesBuildPhase;
			buildActionMask = 2147483647;
			files = (
				9A06D7C025E5468E00172DCC /* UdderTests.swift in Sources */,
			);
			runOnlyForDeploymentPostprocessing = 0;
		};
		9A06D7C225E5468E00172DCC /* Sources */ = {
			isa = PBXSourcesBuildPhase;
			buildActionMask = 2147483647;
			files = (
				9A06D7CB25E5468E00172DCC /* UdderUITests.swift in Sources */,
			);
			runOnlyForDeploymentPostprocessing = 0;
		};
/* End PBXSourcesBuildPhase section */

/* Begin PBXTargetDependency section */
		9A06D7BD25E5468E00172DCC /* PBXTargetDependency */ = {
			isa = PBXTargetDependency;
			target = 9A06D7A425E5468C00172DCC /* Udder */;
			targetProxy = 9A06D7BC25E5468E00172DCC /* PBXContainerItemProxy */;
		};
		9A06D7C825E5468E00172DCC /* PBXTargetDependency */ = {
			isa = PBXTargetDependency;
			target = 9A06D7A425E5468C00172DCC /* Udder */;
			targetProxy = 9A06D7C725E5468E00172DCC /* PBXContainerItemProxy */;
		};
/* End PBXTargetDependency section */

/* Begin PBXVariantGroup section */
		9A06D7AE25E5468C00172DCC /* Main.storyboard */ = {
			isa = PBXVariantGroup;
			children = (
				9A06D7AF25E5468C00172DCC /* Base */,
			);
			name = Main.storyboard;
			sourceTree = "<group>";
		};
		9A06D7B325E5468D00172DCC /* LaunchScreen.storyboard */ = {
			isa = PBXVariantGroup;
			children = (
				9A06D7B425E5468D00172DCC /* Base */,
			);
			name = LaunchScreen.storyboard;
			sourceTree = "<group>";
		};
/* End PBXVariantGroup section */

/* Begin XCBuildConfiguration section */
		9A06D7CD25E5468E00172DCC /* Debug */ = {
			isa = XCBuildConfiguration;
			buildSettings = {
				ALWAYS_SEARCH_USER_PATHS = NO;
				CLANG_ANALYZER_NONNULL = YES;
				CLANG_ANALYZER_NUMBER_OBJECT_CONVERSION = YES_AGGRESSIVE;
				CLANG_CXX_LANGUAGE_STANDARD = "gnu++14";
				CLANG_CXX_LIBRARY = "libc++";
				CLANG_ENABLE_MODULES = YES;
				CLANG_ENABLE_OBJC_ARC = YES;
				CLANG_ENABLE_OBJC_WEAK = YES;
				CLANG_WARN_BLOCK_CAPTURE_AUTORELEASING = YES;
				CLANG_WARN_BOOL_CONVERSION = YES;
				CLANG_WARN_COMMA = YES;
				CLANG_WARN_CONSTANT_CONVERSION = YES;
				CLANG_WARN_DEPRECATED_OBJC_IMPLEMENTATIONS = YES;
				CLANG_WARN_DIRECT_OBJC_ISA_USAGE = YES_ERROR;
				CLANG_WARN_DOCUMENTATION_COMMENTS = YES;
				CLANG_WARN_EMPTY_BODY = YES;
				CLANG_WARN_ENUM_CONVERSION = YES;
				CLANG_WARN_INFINITE_RECURSION = YES;
				CLANG_WARN_INT_CONVERSION = YES;
				CLANG_WARN_NON_LITERAL_NULL_CONVERSION = YES;
				CLANG_WARN_OBJC_IMPLICIT_RETAIN_SELF = YES;
				CLANG_WARN_OBJC_LITERAL_CONVERSION = YES;
				CLANG_WARN_OBJC_ROOT_CLASS = YES_ERROR;
				CLANG_WARN_QUOTED_INCLUDE_IN_FRAMEWORK_HEADER = YES;
				CLANG_WARN_RANGE_LOOP_ANALYSIS = YES;
				CLANG_WARN_STRICT_PROTOTYPES = YES;
				CLANG_WARN_SUSPICIOUS_MOVE = YES;
				CLANG_WARN_UNGUARDED_AVAILABILITY = YES_AGGRESSIVE;
				CLANG_WARN_UNREACHABLE_CODE = YES;
				CLANG_WARN__DUPLICATE_METHOD_MATCH = YES;
				COPY_PHASE_STRIP = NO;
				DEBUG_INFORMATION_FORMAT = dwarf;
				ENABLE_STRICT_OBJC_MSGSEND = YES;
				ENABLE_TESTABILITY = YES;
				GCC_C_LANGUAGE_STANDARD = gnu11;
				GCC_DYNAMIC_NO_PIC = NO;
				GCC_NO_COMMON_BLOCKS = YES;
				GCC_OPTIMIZATION_LEVEL = 0;
				GCC_PREPROCESSOR_DEFINITIONS = (
					"DEBUG=1",
					"$(inherited)",
				);
				GCC_WARN_64_TO_32_BIT_CONVERSION = YES;
				GCC_WARN_ABOUT_RETURN_TYPE = YES_ERROR;
				GCC_WARN_UNDECLARED_SELECTOR = YES;
				GCC_WARN_UNINITIALIZED_AUTOS = YES_AGGRESSIVE;
				GCC_WARN_UNUSED_FUNCTION = YES;
				GCC_WARN_UNUSED_VARIABLE = YES;
				IPHONEOS_DEPLOYMENT_TARGET = 14.4;
				MTL_ENABLE_DEBUG_INFO = INCLUDE_SOURCE;
				MTL_FAST_MATH = YES;
				ONLY_ACTIVE_ARCH = YES;
				SDKROOT = iphoneos;
				SWIFT_ACTIVE_COMPILATION_CONDITIONS = DEBUG;
				SWIFT_OPTIMIZATION_LEVEL = "-Onone";
			};
			name = Debug;
		};
		9A06D7CE25E5468E00172DCC /* Release */ = {
			isa = XCBuildConfiguration;
			buildSettings = {
				ALWAYS_SEARCH_USER_PATHS = NO;
				CLANG_ANALYZER_NONNULL = YES;
				CLANG_ANALYZER_NUMBER_OBJECT_CONVERSION = YES_AGGRESSIVE;
				CLANG_CXX_LANGUAGE_STANDARD = "gnu++14";
				CLANG_CXX_LIBRARY = "libc++";
				CLANG_ENABLE_MODULES = YES;
				CLANG_ENABLE_OBJC_ARC = YES;
				CLANG_ENABLE_OBJC_WEAK = YES;
				CLANG_WARN_BLOCK_CAPTURE_AUTORELEASING = YES;
				CLANG_WARN_BOOL_CONVERSION = YES;
				CLANG_WARN_COMMA = YES;
				CLANG_WARN_CONSTANT_CONVERSION = YES;
				CLANG_WARN_DEPRECATED_OBJC_IMPLEMENTATIONS = YES;
				CLANG_WARN_DIRECT_OBJC_ISA_USAGE = YES_ERROR;
				CLANG_WARN_DOCUMENTATION_COMMENTS = YES;
				CLANG_WARN_EMPTY_BODY = YES;
				CLANG_WARN_ENUM_CONVERSION = YES;
				CLANG_WARN_INFINITE_RECURSION = YES;
				CLANG_WARN_INT_CONVERSION = YES;
				CLANG_WARN_NON_LITERAL_NULL_CONVERSION = YES;
				CLANG_WARN_OBJC_IMPLICIT_RETAIN_SELF = YES;
				CLANG_WARN_OBJC_LITERAL_CONVERSION = YES;
				CLANG_WARN_OBJC_ROOT_CLASS = YES_ERROR;
				CLANG_WARN_QUOTED_INCLUDE_IN_FRAMEWORK_HEADER = YES;
				CLANG_WARN_RANGE_LOOP_ANALYSIS = YES;
				CLANG_WARN_STRICT_PROTOTYPES = YES;
				CLANG_WARN_SUSPICIOUS_MOVE = YES;
				CLANG_WARN_UNGUARDED_AVAILABILITY = YES_AGGRESSIVE;
				CLANG_WARN_UNREACHABLE_CODE = YES;
				CLANG_WARN__DUPLICATE_METHOD_MATCH = YES;
				COPY_PHASE_STRIP = NO;
				DEBUG_INFORMATION_FORMAT = "dwarf-with-dsym";
				ENABLE_NS_ASSERTIONS = NO;
				ENABLE_STRICT_OBJC_MSGSEND = YES;
				GCC_C_LANGUAGE_STANDARD = gnu11;
				GCC_NO_COMMON_BLOCKS = YES;
				GCC_WARN_64_TO_32_BIT_CONVERSION = YES;
				GCC_WARN_ABOUT_RETURN_TYPE = YES_ERROR;
				GCC_WARN_UNDECLARED_SELECTOR = YES;
				GCC_WARN_UNINITIALIZED_AUTOS = YES_AGGRESSIVE;
				GCC_WARN_UNUSED_FUNCTION = YES;
				GCC_WARN_UNUSED_VARIABLE = YES;
				IPHONEOS_DEPLOYMENT_TARGET = 14.4;
				MTL_ENABLE_DEBUG_INFO = NO;
				MTL_FAST_MATH = YES;
				SDKROOT = iphoneos;
				SWIFT_COMPILATION_MODE = wholemodule;
				SWIFT_OPTIMIZATION_LEVEL = "-O";
				VALIDATE_PRODUCT = YES;
			};
			name = Release;
		};
		9A06D7D025E5468E00172DCC /* Debug */ = {
			isa = XCBuildConfiguration;
			buildSettings = {
				ASSETCATALOG_COMPILER_APPICON_NAME = AppIcon;
				ASSETCATALOG_COMPILER_GLOBAL_ACCENT_COLOR_NAME = AccentColor;
				CODE_SIGN_STYLE = Automatic;
				INFOPLIST_FILE = Udder/Info.plist;
				LD_RUNPATH_SEARCH_PATHS = (
					"$(inherited)",
					"@executable_path/Frameworks",
				);
				PRODUCT_BUNDLE_IDENTIFIER = com.oleksiy.Udder;
				PRODUCT_NAME = "$(TARGET_NAME)";
				SWIFT_VERSION = 5.0;
				TARGETED_DEVICE_FAMILY = "1,2";
			};
			name = Debug;
		};
		9A06D7D125E5468E00172DCC /* Release */ = {
			isa = XCBuildConfiguration;
			buildSettings = {
				ASSETCATALOG_COMPILER_APPICON_NAME = AppIcon;
				ASSETCATALOG_COMPILER_GLOBAL_ACCENT_COLOR_NAME = AccentColor;
				CODE_SIGN_STYLE = Automatic;
				INFOPLIST_FILE = Udder/Info.plist;
				LD_RUNPATH_SEARCH_PATHS = (
					"$(inherited)",
					"@executable_path/Frameworks",
				);
				PRODUCT_BUNDLE_IDENTIFIER = com.oleksiy.Udder;
				PRODUCT_NAME = "$(TARGET_NAME)";
				SWIFT_VERSION = 5.0;
				TARGETED_DEVICE_FAMILY = "1,2";
			};
			name = Release;
		};
		9A06D7D325E5468E00172DCC /* Debug */ = {
			isa = XCBuildConfiguration;
			buildSettings = {
				ALWAYS_EMBED_SWIFT_STANDARD_LIBRARIES = YES;
				BUNDLE_LOADER = "$(TEST_HOST)";
				CODE_SIGN_STYLE = Automatic;
				INFOPLIST_FILE = UdderTests/Info.plist;
				IPHONEOS_DEPLOYMENT_TARGET = 14.4;
				LD_RUNPATH_SEARCH_PATHS = (
					"$(inherited)",
					"@executable_path/Frameworks",
					"@loader_path/Frameworks",
				);
				PRODUCT_BUNDLE_IDENTIFIER = com.oleksiy.UdderTests;
				PRODUCT_NAME = "$(TARGET_NAME)";
				SWIFT_VERSION = 5.0;
				TARGETED_DEVICE_FAMILY = "1,2";
				TEST_HOST = "$(BUILT_PRODUCTS_DIR)/Udder.app/Udder";
			};
			name = Debug;
		};
		9A06D7D425E5468E00172DCC /* Release */ = {
			isa = XCBuildConfiguration;
			buildSettings = {
				ALWAYS_EMBED_SWIFT_STANDARD_LIBRARIES = YES;
				BUNDLE_LOADER = "$(TEST_HOST)";
				CODE_SIGN_STYLE = Automatic;
				INFOPLIST_FILE = UdderTests/Info.plist;
				IPHONEOS_DEPLOYMENT_TARGET = 14.4;
				LD_RUNPATH_SEARCH_PATHS = (
					"$(inherited)",
					"@executable_path/Frameworks",
					"@loader_path/Frameworks",
				);
				PRODUCT_BUNDLE_IDENTIFIER = com.oleksiy.UdderTests;
				PRODUCT_NAME = "$(TARGET_NAME)";
				SWIFT_VERSION = 5.0;
				TARGETED_DEVICE_FAMILY = "1,2";
				TEST_HOST = "$(BUILT_PRODUCTS_DIR)/Udder.app/Udder";
			};
			name = Release;
		};
		9A06D7D625E5468E00172DCC /* Debug */ = {
			isa = XCBuildConfiguration;
			buildSettings = {
				ALWAYS_EMBED_SWIFT_STANDARD_LIBRARIES = YES;
				CODE_SIGN_STYLE = Automatic;
				INFOPLIST_FILE = UdderUITests/Info.plist;
				LD_RUNPATH_SEARCH_PATHS = (
					"$(inherited)",
					"@executable_path/Frameworks",
					"@loader_path/Frameworks",
				);
				PRODUCT_BUNDLE_IDENTIFIER = com.oleksiy.UdderUITests;
				PRODUCT_NAME = "$(TARGET_NAME)";
				SWIFT_VERSION = 5.0;
				TARGETED_DEVICE_FAMILY = "1,2";
				TEST_TARGET_NAME = Udder;
			};
			name = Debug;
		};
		9A06D7D725E5468E00172DCC /* Release */ = {
			isa = XCBuildConfiguration;
			buildSettings = {
				ALWAYS_EMBED_SWIFT_STANDARD_LIBRARIES = YES;
				CODE_SIGN_STYLE = Automatic;
				INFOPLIST_FILE = UdderUITests/Info.plist;
				LD_RUNPATH_SEARCH_PATHS = (
					"$(inherited)",
					"@executable_path/Frameworks",
					"@loader_path/Frameworks",
				);
				PRODUCT_BUNDLE_IDENTIFIER = com.oleksiy.UdderUITests;
				PRODUCT_NAME = "$(TARGET_NAME)";
				SWIFT_VERSION = 5.0;
				TARGETED_DEVICE_FAMILY = "1,2";
				TEST_TARGET_NAME = Udder;
			};
			name = Release;
		};
/* End XCBuildConfiguration section */

/* Begin XCConfigurationList section */
		9A06D7A025E5468C00172DCC /* Build configuration list for PBXProject "Udder" */ = {
			isa = XCConfigurationList;
			buildConfigurations = (
				9A06D7CD25E5468E00172DCC /* Debug */,
				9A06D7CE25E5468E00172DCC /* Release */,
			);
			defaultConfigurationIsVisible = 0;
			defaultConfigurationName = Release;
		};
		9A06D7CF25E5468E00172DCC /* Build configuration list for PBXNativeTarget "Udder" */ = {
			isa = XCConfigurationList;
			buildConfigurations = (
				9A06D7D025E5468E00172DCC /* Debug */,
				9A06D7D125E5468E00172DCC /* Release */,
			);
			defaultConfigurationIsVisible = 0;
			defaultConfigurationName = Release;
		};
		9A06D7D225E5468E00172DCC /* Build configuration list for PBXNativeTarget "UdderTests" */ = {
			isa = XCConfigurationList;
			buildConfigurations = (
				9A06D7D325E5468E00172DCC /* Debug */,
				9A06D7D425E5468E00172DCC /* Release */,
			);
			defaultConfigurationIsVisible = 0;
			defaultConfigurationName = Release;
		};
		9A06D7D525E5468E00172DCC /* Build configuration list for PBXNativeTarget "UdderUITests" */ = {
			isa = XCConfigurationList;
			buildConfigurations = (
				9A06D7D625E5468E00172DCC /* Debug */,
				9A06D7D725E5468E00172DCC /* Release */,
			);
			defaultConfigurationIsVisible = 0;
			defaultConfigurationName = Release;
		};
/* End XCConfigurationList section */
	};
	rootObject = 9A06D79D25E5468C00172DCC /* Project object */;
}
